
Microsoft Visual Studio Solution File, Format Version 12.00
# Visual Studio Version 17
VisualStudioVersion = 17.11.35222.181
MinimumVisualStudioVersion = 10.0.40219.1
Project("{FAE04EC0-301F-11D3-BF4B-00C04F79EFBC}") = "ArtistFinal2", "ArtistFinal2\ArtistFinal2.csproj", "{247E102A-807E-4407-B353-A737B6E4F103}"
EndProject
Global
	GlobalSection(SolutionConfigurationPlatforms) = preSolution
		Debug|Any CPU = Debug|Any CPU
		Release|Any CPU = Release|Any CPU
	EndGlobalSection
	GlobalSection(ProjectConfigurationPlatforms) = postSolution
		{247E102A-807E-4407-B353-A737B6E4F103}.Debug|Any CPU.ActiveCfg = Debug|Any CPU
		{247E102A-807E-4407-B353-A737B6E4F103}.Debug|Any CPU.Build.0 = Debug|Any CPU
		{247E102A-807E-4407-B353-A737B6E4F103}.Release|Any CPU.ActiveCfg = Release|Any CPU
		{247E102A-807E-4407-B353-A737B6E4F103}.Release|Any CPU.Build.0 = Release|Any CPU
	EndGlobalSection
	GlobalSection(SolutionProperties) = preSolution
		HideSolutionNode = FALSE
	EndGlobalSection
	GlobalSection(ExtensibilityGlobals) = postSolution
		SolutionGuid = {94F98150-2DE2-4B95-8CA7-39F138F45AA0}
	EndGlobalSection
EndGlobal
